
Microsoft Visual Studio Solution File, Format Version 12.00
# Visual Studio Version 16
VisualStudioVersion = 16.0.29609.76
MinimumVisualStudioVersion = 10.0.40219.1
Project("{8BC9CEB8-8B4A-11D0-8D11-00A0C91BC942}") = "OOPiP_5", "OOPiP_5\OOPiP_5.vcxproj", "{DEDAD362-8F60-4C71-BC4F-491D6D814593}"
EndProject
Global
	GlobalSection(SolutionConfigurationPlatforms) = preSolution
		Debug|x64 = Debug|x64
		Debug|x86 = Debug|x86
		Release|x64 = Release|x64
		Release|x86 = Release|x86
	EndGlobalSection
	GlobalSection(ProjectConfigurationPlatforms) = postSolution
		{DEDAD362-8F60-4C71-BC4F-491D6D814593}.Debug|x64.ActiveCfg = Debug|x64
		{DEDAD362-8F60-4C71-BC4F-491D6D814593}.Debug|x64.Build.0 = Debug|x64
		{DEDAD362-8F60-4C71-BC4F-491D6D814593}.Debug|x86.ActiveCfg = Debug|Win32
		{DEDAD362-8F60-4C71-BC4F-491D6D814593}.Debug|x86.Build.0 = Debug|Win32
		{DEDAD362-8F60-4C71-BC4F-491D6D814593}.Release|x64.ActiveCfg = Release|x64
		{DEDAD362-8F60-4C71-BC4F-491D6D814593}.Release|x64.Build.0 = Release|x64
		{DEDAD362-8F60-4C71-BC4F-491D6D814593}.Release|x86.ActiveCfg = Release|Win32
		{DEDAD362-8F60-4C71-BC4F-491D6D814593}.Release|x86.Build.0 = Release|Win32
	EndGlobalSection
	GlobalSection(SolutionProperties) = preSolution
		HideSolutionNode = FALSE
	EndGlobalSection
	GlobalSection(ExtensibilityGlobals) = postSolution
		SolutionGuid = {05E32AE7-DE2E-44EF-AE68-870361CD1F11}
	EndGlobalSection
EndGlobal
